
Microsoft Visual Studio Solution File, Format Version 12.00
# Visual Studio Version 17
VisualStudioVersion = 17.0.31903.59
MinimumVisualStudioVersion = 10.0.40219.1
Project("{FAE04EC0-301F-11D3-BF4B-00C04F79EFBC}") = "SongBook", "SongBook\SongBook.csproj", "{9A1143AC-A210-44AF-989A-C45453428710}"
EndProject
Project("{FAE04EC0-301F-11D3-BF4B-00C04F79EFBC}") = "SongBook.Tests", "SongBook.Tests\SongBook.Tests.csproj", "{D20700EA-0F17-46FA-9D48-EDABA4002054}"
EndProject
Global
	GlobalSection(SolutionConfigurationPlatforms) = preSolution
		Debug|Any CPU = Debug|Any CPU
		Release|Any CPU = Release|Any CPU
	EndGlobalSection
	GlobalSection(SolutionProperties) = preSolution
		HideSolutionNode = FALSE
	EndGlobalSection
	GlobalSection(ProjectConfigurationPlatforms) = postSolution
		{9A1143AC-A210-44AF-989A-C45453428710}.Debug|Any CPU.ActiveCfg = Debug|Any CPU
		{9A1143AC-A210-44AF-989A-C45453428710}.Debug|Any CPU.Build.0 = Debug|Any CPU
		{9A1143AC-A210-44AF-989A-C45453428710}.Release|Any CPU.ActiveCfg = Release|Any CPU
		{9A1143AC-A210-44AF-989A-C45453428710}.Release|Any CPU.Build.0 = Release|Any CPU
		{52DF72CD-66F3-475D-89E1-AEBA03866640}.Debug|Any CPU.ActiveCfg = Debug|Any CPU
		{52DF72CD-66F3-475D-89E1-AEBA03866640}.Debug|Any CPU.Build.0 = Debug|Any CPU
		{52DF72CD-66F3-475D-89E1-AEBA03866640}.Release|Any CPU.ActiveCfg = Release|Any CPU
		{52DF72CD-66F3-475D-89E1-AEBA03866640}.Release|Any CPU.Build.0 = Release|Any CPU
		{D20700EA-0F17-46FA-9D48-EDABA4002054}.Debug|Any CPU.ActiveCfg = Debug|Any CPU
		{D20700EA-0F17-46FA-9D48-EDABA4002054}.Debug|Any CPU.Build.0 = Debug|Any CPU
		{D20700EA-0F17-46FA-9D48-EDABA4002054}.Release|Any CPU.ActiveCfg = Release|Any CPU
		{D20700EA-0F17-46FA-9D48-EDABA4002054}.Release|Any CPU.Build.0 = Release|Any CPU
	EndGlobalSection
EndGlobal
